
Microsoft Visual Studio Solution File, Format Version 12.00
# Visual Studio Version 17
VisualStudioVersion = 17.10.35027.167
MinimumVisualStudioVersion = 10.0.40219.1
Project("{FAE04EC0-301F-11D3-BF4B-00C04F79EFBC}") = "GUI", "GUI\GUI.csproj", "{46D77D67-6169-492B-A11B-6B9C740E1A98}"
EndProject
Project("{FAE04EC0-301F-11D3-BF4B-00C04F79EFBC}") = "DTO", "DTO\DTO.csproj", "{5DE8744B-FF79-4454-A014-72D30AA0B81F}"
EndProject
Project("{FAE04EC0-301F-11D3-BF4B-00C04F79EFBC}") = "DAL", "DAL\DAL.csproj", "{C23F07A0-0FB4-41BE-BEE0-73843A95DBFA}"
EndProject
Project("{FAE04EC0-301F-11D3-BF4B-00C04F79EFBC}") = "BUS", "BUS\BUS.csproj", "{1F82B706-700D-4EA1-B558-808B8A0DBFE7}"
EndProject
Global
	GlobalSection(SolutionConfigurationPlatforms) = preSolution
		Debug|Any CPU = Debug|Any CPU
		Release|Any CPU = Release|Any CPU
	EndGlobalSection
	GlobalSection(ProjectConfigurationPlatforms) = postSolution
		{46D77D67-6169-492B-A11B-6B9C740E1A98}.Debug|Any CPU.ActiveCfg = Debug|Any CPU
		{46D77D67-6169-492B-A11B-6B9C740E1A98}.Debug|Any CPU.Build.0 = Debug|Any CPU
		{46D77D67-6169-492B-A11B-6B9C740E1A98}.Release|Any CPU.ActiveCfg = Release|Any CPU
		{46D77D67-6169-492B-A11B-6B9C740E1A98}.Release|Any CPU.Build.0 = Release|Any CPU
		{5DE8744B-FF79-4454-A014-72D30AA0B81F}.Debug|Any CPU.ActiveCfg = Debug|Any CPU
		{5DE8744B-FF79-4454-A014-72D30AA0B81F}.Debug|Any CPU.Build.0 = Debug|Any CPU
		{5DE8744B-FF79-4454-A014-72D30AA0B81F}.Release|Any CPU.ActiveCfg = Release|Any CPU
		{5DE8744B-FF79-4454-A014-72D30AA0B81F}.Release|Any CPU.Build.0 = Release|Any CPU
		{C23F07A0-0FB4-41BE-BEE0-73843A95DBFA}.Debug|Any CPU.ActiveCfg = Debug|Any CPU
		{C23F07A0-0FB4-41BE-BEE0-73843A95DBFA}.Debug|Any CPU.Build.0 = Debug|Any CPU
		{C23F07A0-0FB4-41BE-BEE0-73843A95DBFA}.Release|Any CPU.ActiveCfg = Release|Any CPU
		{C23F07A0-0FB4-41BE-BEE0-73843A95DBFA}.Release|Any CPU.Build.0 = Release|Any CPU
		{1F82B706-700D-4EA1-B558-808B8A0DBFE7}.Debug|Any CPU.ActiveCfg = Debug|Any CPU
		{1F82B706-700D-4EA1-B558-808B8A0DBFE7}.Debug|Any CPU.Build.0 = Debug|Any CPU
		{1F82B706-700D-4EA1-B558-808B8A0DBFE7}.Release|Any CPU.ActiveCfg = Release|Any CPU
		{1F82B706-700D-4EA1-B558-808B8A0DBFE7}.Release|Any CPU.Build.0 = Release|Any CPU
	EndGlobalSection
	GlobalSection(SolutionProperties) = preSolution
		HideSolutionNode = FALSE
	EndGlobalSection
	GlobalSection(ExtensibilityGlobals) = postSolution
		SolutionGuid = {596BC91B-5F55-47A6-96F7-D13A5B45D684}
	EndGlobalSection
EndGlobal
